// !$*UTF8*$!
{
	archiveVersion = 1;
	classes = {
	};
	objectVersion = 50;
	objects = {

/* Begin PBXBuildFile section */
		EAC0ED3F2146A8FC00ECF045 /* AppDelegate.m in Sources */ = {isa = PBXBuildFile; fileRef = EAC0ED3E2146A8FC00ECF045 /* AppDelegate.m */; };
		EAC0ED422146A8FC00ECF045 /* ViewController.m in Sources */ = {isa = PBXBuildFile; fileRef = EAC0ED412146A8FC00ECF045 /* ViewController.m */; };
		EAC0ED452146A8FC00ECF045 /* Main.storyboard in Resources */ = {isa = PBXBuildFile; fileRef = EAC0ED432146A8FC00ECF045 /* Main.storyboard */; };
		EAC0ED472146A8FE00ECF045 /* Assets.xcassets in Resources */ = {isa = PBXBuildFile; fileRef = EAC0ED462146A8FE00ECF045 /* Assets.xcassets */; };
		EAC0ED4A2146A8FE00ECF045 /* LaunchScreen.storyboard in Resources */ = {isa = PBXBuildFile; fileRef = EAC0ED482146A8FE00ECF045 /* LaunchScreen.storyboard */; };
		EAC0ED4D2146A8FE00ECF045 /* main.m in Sources */ = {isa = PBXBuildFile; fileRef = EAC0ED4C2146A8FE00ECF045 /* main.m */; };
		EAC0ED532146ABF700ECF045 /* test.js in Resources */ = {isa = PBXBuildFile; fileRef = BEF06A2A07007FB917D620FC /* test.js */; };
/* End PBXBuildFile section */

/* Begin PBXFileReference section */
		BEF06A2A07007FB917D620FC /* test.js */ = {isa = PBXFileReference; fileEncoding = 4; lastKnownFileType = sourcecode.javascript; path = test.js; sourceTree = "<group>"; };
		EAC0ED3A2146A8FC00ECF045 /* WebJSTest.app */ = {isa = PBXFileReference; explicitFileType = wrapper.application; includeInIndex = 0; path = WebJSTest.app; sourceTree = BUILT_PRODUCTS_DIR; };
		EAC0ED3D2146A8FC00ECF045 /* AppDelegate.h */ = {isa = PBXFileReference; lastKnownFileType = sourcecode.c.h; path = AppDelegate.h; sourceTree = "<group>"; };
		EAC0ED3E2146A8FC00ECF045 /* AppDelegate.m */ = {isa = PBXFileReference; lastKnownFileType = sourcecode.c.objc; path = AppDelegate.m; sourceTree = "<group>"; };
		EAC0ED402146A8FC00ECF045 /* ViewController.h */ = {isa = PBXFileReference; lastKnownFileType = sourcecode.c.h; path = ViewController.h; sourceTree = "<group>"; };
		EAC0ED412146A8FC00ECF045 /* ViewController.m */ = {isa = PBXFileReference; lastKnownFileType = sourcecode.c.objc; path = ViewController.m; sourceTree = "<group>"; };
		EAC0ED442146A8FC00ECF045 /* Base */ = {isa = PBXFileReference; lastKnownFileType = file.storyboard; name = Base; path = Base.lproj/Main.storyboard; sourceTree = "<group>"; };
		EAC0ED462146A8FE00ECF045 /* Assets.xcassets */ = {isa = PBXFileReference; lastKnownFileType = folder.assetcatalog; path = Assets.xcassets; sourceTree = "<group>"; };
		EAC0ED492146A8FE00ECF045 /* Base */ = {isa = PBXFileReference; lastKnownFileType = file.storyboard; name = Base; path = Base.lproj/LaunchScreen.storyboard; sourceTree = "<group>"; };
		EAC0ED4B2146A8FE00ECF045 /* Info.plist */ = {isa = PBXFileReference; lastKnownFileType = text.plist.xml; path = Info.plist; sourceTree = "<group>"; };
		EAC0ED4C2146A8FE00ECF045 /* main.m */ = {isa = PBXFileReference; lastKnownFileType = sourcecode.c.objc; path = main.m; sourceTree = "<group>"; };
/* End PBXFileReference section */

/* Begin PBXFrameworksBuildPhase section */
		EAC0ED372146A8FC00ECF045 /* Frameworks */ = {
			isa = PBXFrameworksBuildPhase;
			buildActionMask = 2147483647;
			files = (
			);
			runOnlyForDeploymentPostprocessing = 0;
		};
/* End PBXFrameworksBuildPhase section */

/* Begin PBXGroup section */
		EAC0ED312146A8FC00ECF045 = {
			isa = PBXGroup;
			children = (
				EAC0ED3C2146A8FC00ECF045 /* WebJSTest */,
				EAC0ED3B2146A8FC00ECF045 /* Products */,
			);
			sourceTree = "<group>";
		};
		EAC0ED3B2146A8FC00ECF045 /* Products */ = {
			isa = PBXGroup;
			children = (
				EAC0ED3A2146A8FC00ECF045 /* WebJSTest.app */,
			);
			name = Products;
			sourceTree = "<group>";
		};
		EAC0ED3C2146A8FC00ECF045 /* WebJSTest */ = {
			isa = PBXGroup;
			children = (
				EAC0ED3D2146A8FC00ECF045 /* AppDelegate.h */,
				EAC0ED3E2146A8FC00ECF045 /* AppDelegate.m */,
				EAC0ED402146A8FC00ECF045 /* ViewController.h */,
				EAC0ED412146A8FC00ECF045 /* ViewController.m */,
				EAC0ED432146A8FC00ECF045 /* Main.storyboard */,
				EAC0ED462146A8FE00ECF045 /* Assets.xcassets */,
				EAC0ED482146A8FE00ECF045 /* LaunchScreen.storyboard */,
				EAC0ED4B2146A8FE00ECF045 /* Info.plist */,
				EAC0ED4C2146A8FE00ECF045 /* main.m */,
				BEF06A2A07007FB917D620FC /* test.js */,
			);
			path = WebJSTest;
			sourceTree = "<group>";
		};
/* End PBXGroup section */

/* Begin PBXNativeTarget section */
		EAC0ED392146A8FC00ECF045 /* WebJSTest */ = {
			isa = PBXNativeTarget;
			buildConfigurationList = EAC0ED502146A8FE00ECF045 /* Build configuration list for PBXNativeTarget "WebJSTest" */;
			buildPhases = (
				EAC0ED362146A8FC00ECF045 /* Sources */,
				EAC0ED372146A8FC00ECF045 /* Frameworks */,
				EAC0ED382146A8FC00ECF045 /* Resources */,
			);
			buildRules = (
			);
			dependencies = (
			);
			name = WebJSTest;
			productName = WebJSTest;
			productReference = EAC0ED3A2146A8FC00ECF045 /* WebJSTest.app */;
			productType = "com.apple.product-type.application";
		};
/* End PBXNativeTarget section */

/* Begin PBXProject section */
		EAC0ED322146A8FC00ECF045 /* Project object */ = {
			isa = PBXProject;
			attributes = {
				LastUpgradeCheck = 0940;
				ORGANIZATIONNAME = luowei;
				TargetAttributes = {
					EAC0ED392146A8FC00ECF045 = {
						CreatedOnToolsVersion = 9.4.1;
					};
				};
			};
			buildConfigurationList = EAC0ED352146A8FC00ECF045 /* Build configuration list for PBXProject "WebJSTest" */;
			compatibilityVersion = "Xcode 9.3";
			developmentRegion = en;
			hasScannedForEncodings = 0;
			knownRegions = (
				en,
				Base,
			);
			mainGroup = EAC0ED312146A8FC00ECF045;
			productRefGroup = EAC0ED3B2146A8FC00ECF045 /* Products */;
			projectDirPath = "";
			projectRoot = "";
			targets = (
				EAC0ED392146A8FC00ECF045 /* WebJSTest */,
			);
		};
/* End PBXProject section */

/* Begin PBXResourcesBuildPhase section */
		EAC0ED382146A8FC00ECF045 /* Resources */ = {
			isa = PBXResourcesBuildPhase;
			buildActionMask = 2147483647;
			files = (
				EAC0ED532146ABF700ECF045 /* test.js in Resources */,
				EAC0ED4A2146A8FE00ECF045 /* LaunchScreen.storyboard in Resources */,
				EAC0ED472146A8FE00ECF045 /* Assets.xcassets in Resources */,
				EAC0ED452146A8FC00ECF045 /* Main.storyboard in Resources */,
			);
			runOnlyForDeploymentPostprocessing = 0;
		};
/* End PBXResourcesBuildPhase section */

/* Begin PBXSourcesBuildPhase section */
		EAC0ED362146A8FC00ECF045 /* Sources */ = {
			isa = PBXSourcesBuildPhase;
			buildActionMask = 2147483647;
			files = (
				EAC0ED422146A8FC00ECF045 /* ViewController.m in Sources */,
				EAC0ED4D2146A8FE00ECF045 /* main.m in Sources */,
				EAC0ED3F2146A8FC00ECF045 /* AppDelegate.m in Sources */,
			);
			runOnlyForDeploymentPostprocessing = 0;
		};
/* End PBXSourcesBuildPhase section */

/* Begin PBXVariantGroup section */
		EAC0ED432146A8FC00ECF045 /* Main.storyboard */ = {
			isa = PBXVariantGroup;
			children = (
				EAC0ED442146A8FC00ECF045 /* Base */,
			);
			name = Main.storyboard;
			sourceTree = "<group>";
		};
		EAC0ED482146A8FE00ECF045 /* LaunchScreen.storyboard */ = {
			isa = PBXVariantGroup;
			children = (
				EAC0ED492146A8FE00ECF045 /* Base */,
			);
			name = LaunchScreen.storyboard;
			sourceTree = "<group>";
		};
/* End PBXVariantGroup section */

/* Begin XCBuildConfiguration section */
		EAC0ED4E2146A8FE00ECF045 /* Debug */ = {
			isa = XCBuildConfiguration;
			buildSettings = {
				ALWAYS_SEARCH_USER_PATHS = NO;
				CLANG_ANALYZER_NONNULL = YES;
				CLANG_ANALYZER_NUMBER_OBJECT_CONVERSION = YES_AGGRESSIVE;
				CLANG_CXX_LANGUAGE_STANDARD = "gnu++14";
				CLANG_CXX_LIBRARY = "libc++";
				CLANG_ENABLE_MODULES = YES;
				CLANG_ENABLE_OBJC_ARC = YES;
				CLANG_ENABLE_OBJC_WEAK = YES;
				CLANG_WARN_BLOCK_CAPTURE_AUTORELEASING = YES;
				CLANG_WARN_BOOL_CONVERSION = YES;
				CLANG_WARN_COMMA = YES;
				CLANG_WARN_CONSTANT_CONVERSION = YES;
				CLANG_WARN_DEPRECATED_OBJC_IMPLEMENTATIONS = YES;
				CLANG_WARN_DIRECT_OBJC_ISA_USAGE = YES_ERROR;
				CLANG_WARN_DOCUMENTATION_COMMENTS = YES;
				CLANG_WARN_EMPTY_BODY = YES;
				CLANG_WARN_ENUM_CONVERSION = YES;
				CLANG_WARN_INFINITE_RECURSION = YES;
				CLANG_WARN_INT_CONVERSION = YES;
				CLANG_WARN_NON_LITERAL_NULL_CONVERSION = YES;
				CLANG_WARN_OBJC_IMPLICIT_RETAIN_SELF = YES;
				CLANG_WARN_OBJC_LITERAL_CONVERSION = YES;
				CLANG_WARN_OBJC_ROOT_CLASS = YES_ERROR;
				CLANG_WARN_RANGE_LOOP_ANALYSIS = YES;
				CLANG_WARN_STRICT_PROTOTYPES = YES;
				CLANG_WARN_SUSPICIOUS_MOVE = YES;
				CLANG_WARN_UNGUARDED_AVAILABILITY = YES_AGGRESSIVE;
				CLANG_WARN_UNREACHABLE_CODE = YES;
				CLANG_WARN__DUPLICATE_METHOD_MATCH = YES;
				CODE_SIGN_IDENTITY = "iPhone Developer";
				COPY_PHASE_STRIP = NO;
				DEBUG_INFORMATION_FORMAT = dwarf;
				ENABLE_STRICT_OBJC_MSGSEND = YES;
				ENABLE_TESTABILITY = YES;
				GCC_C_LANGUAGE_STANDARD = gnu11;
				GCC_DYNAMIC_NO_PIC = NO;
				GCC_NO_COMMON_BLOCKS = YES;
				GCC_OPTIMIZATION_LEVEL = 0;
				GCC_PREPROCESSOR_DEFINITIONS = (
					"DEBUG=1",
					"$(inherited)",
				);
				GCC_WARN_64_TO_32_BIT_CONVERSION = YES;
				GCC_WARN_ABOUT_RETURN_TYPE = YES_ERROR;
				GCC_WARN_UNDECLARED_SELECTOR = YES;
				GCC_WARN_UNINITIALIZED_AUTOS = YES_AGGRESSIVE;
				GCC_WARN_UNUSED_FUNCTION = YES;
				GCC_WARN_UNUSED_VARIABLE = YES;
				IPHONEOS_DEPLOYMENT_TARGET = 11.4;
				MTL_ENABLE_DEBUG_INFO = YES;
				ONLY_ACTIVE_ARCH = YES;
				SDKROOT = iphoneos;
			};
			name = Debug;
		};
		EAC0ED4F2146A8FE00ECF045 /* Release */ = {
			isa = XCBuildConfiguration;
			buildSettings = {
				ALWAYS_SEARCH_USER_PATHS = NO;
				CLANG_ANALYZER_NONNULL = YES;
				CLANG_ANALYZER_NUMBER_OBJECT_CONVERSION = YES_AGGRESSIVE;
				CLANG_CXX_LANGUAGE_STANDARD = "gnu++14";
				CLANG_CXX_LIBRARY = "libc++";
				CLANG_ENABLE_MODULES = YES;
				CLANG_ENABLE_OBJC_ARC = YES;
				CLANG_ENABLE_OBJC_WEAK = YES;
				CLANG_WARN_BLOCK_CAPTURE_AUTORELEASING = YES;
				CLANG_WARN_BOOL_CONVERSION = YES;
				CLANG_WARN_COMMA = YES;
				CLANG_WARN_CONSTANT_CONVERSION = YES;
				CLANG_WARN_DEPRECATED_OBJC_IMPLEMENTATIONS = YES;
				CLANG_WARN_DIRECT_OBJC_ISA_USAGE = YES_ERROR;
				CLANG_WARN_DOCUMENTATION_COMMENTS = YES;
				CLANG_WARN_EMPTY_BODY = YES;
				CLANG_WARN_ENUM_CONVERSION = YES;
				CLANG_WARN_INFINITE_RECURSION = YES;
				CLANG_WARN_INT_CONVERSION = YES;
				CLANG_WARN_NON_LITERAL_NULL_CONVERSION = YES;
				CLANG_WARN_OBJC_IMPLICIT_RETAIN_SELF = YES;
				CLANG_WARN_OBJC_LITERAL_CONVERSION = YES;
				CLANG_WARN_OBJC_ROOT_CLASS = YES_ERROR;
				CLANG_WARN_RANGE_LOOP_ANALYSIS = YES;
				CLANG_WARN_STRICT_PROTOTYPES = YES;
				CLANG_WARN_SUSPICIOUS_MOVE = YES;
				CLANG_WARN_UNGUARDED_AVAILABILITY = YES_AGGRESSIVE;
				CLANG_WARN_UNREACHABLE_CODE = YES;
				CLANG_WARN__DUPLICATE_METHOD_MATCH = YES;
				CODE_SIGN_IDENTITY = "iPhone Developer";
				COPY_PHASE_STRIP = NO;
				DEBUG_INFORMATION_FORMAT = "dwarf-with-dsym";
				ENABLE_NS_ASSERTIONS = NO;
				ENABLE_STRICT_OBJC_MSGSEND = YES;
				GCC_C_LANGUAGE_STANDARD = gnu11;
				GCC_NO_COMMON_BLOCKS = YES;
				GCC_WARN_64_TO_32_BIT_CONVERSION = YES;
				GCC_WARN_ABOUT_RETURN_TYPE = YES_ERROR;
				GCC_WARN_UNDECLARED_SELECTOR = YES;
				GCC_WARN_UNINITIALIZED_AUTOS = YES_AGGRESSIVE;
				GCC_WARN_UNUSED_FUNCTION = YES;
				GCC_WARN_UNUSED_VARIABLE = YES;
				IPHONEOS_DEPLOYMENT_TARGET = 11.4;
				MTL_ENABLE_DEBUG_INFO = NO;
				SDKROOT = iphoneos;
				VALIDATE_PRODUCT = YES;
			};
			name = Release;
		};
		EAC0ED512146A8FE00ECF045 /* Debug */ = {
			isa = XCBuildConfiguration;
			buildSettings = {
				ASSETCATALOG_COMPILER_APPICON_NAME = AppIcon;
				CODE_SIGN_STYLE = Automatic;
				DEVELOPMENT_TEAM = G3A2KYKYBU;
				INFOPLIST_FILE = WebJSTest/Info.plist;
				LD_RUNPATH_SEARCH_PATHS = (
					"$(inherited)",
					"@executable_path/Frameworks",
				);
				PRODUCT_BUNDLE_IDENTIFIER = com.wodedata.WebJSTest;
				PRODUCT_NAME = "$(TARGET_NAME)";
				TARGETED_DEVICE_FAMILY = "1,2";
			};
			name = Debug;
		};
		EAC0ED522146A8FE00ECF045 /* Release */ = {
			isa = XCBuildConfiguration;
			buildSettings = {
				ASSETCATALOG_COMPILER_APPICON_NAME = AppIcon;
				CODE_SIGN_STYLE = Automatic;
				DEVELOPMENT_TEAM = G3A2KYKYBU;
				INFOPLIST_FILE = WebJSTest/Info.plist;
				LD_RUNPATH_SEARCH_PATHS = (
					"$(inherited)",
					"@executable_path/Frameworks",
				);
				PRODUCT_BUNDLE_IDENTIFIER = com.wodedata.WebJSTest;
				PRODUCT_NAME = "$(TARGET_NAME)";
				TARGETED_DEVICE_FAMILY = "1,2";
			};
			name = Release;
		};
/* End XCBuildConfiguration section */

/* Begin XCConfigurationList section */
		EAC0ED352146A8FC00ECF045 /* Build configuration list for PBXProject "WebJSTest" */ = {
			isa = XCConfigurationList;
			buildConfigurations = (
				EAC0ED4E2146A8FE00ECF045 /* Debug */,
				EAC0ED4F2146A8FE00ECF045 /* Release */,
			);
			defaultConfigurationIsVisible = 0;
			defaultConfigurationName = Release;
		};
		EAC0ED502146A8FE00ECF045 /* Build configuration list for PBXNativeTarget "WebJSTest" */ = {
			isa = XCConfigurationList;
			buildConfigurations = (
				EAC0ED512146A8FE00ECF045 /* Debug */,
				EAC0ED522146A8FE00ECF045 /* Release */,
			);
			defaultConfigurationIsVisible = 0;
			defaultConfigurationName = Release;
		};
/* End XCConfigurationList section */
	};
	rootObject = EAC0ED322146A8FC00ECF045 /* Project object */;
}
